// !$*UTF8*$!
{
	archiveVersion = 1;
	classes = {
	};
	objectVersion = 63;
	objects = {

/* Begin PBXBuildFile section */
		3E659801E06E437114FC0F43 /* LaTeXFormatter.swift in Sources */ = {isa = PBXBuildFile; fileRef = 2D0E6F78AE73922DA78DBA17 /* LaTeXFormatter.swift */; };
		5AA420E239594E9BD17F11EC /* DrawingCanvasView.swift in Sources */ = {isa = PBXBuildFile; fileRef = 9E6A01F5738E74A39498F8D0 /* DrawingCanvasView.swift */; };
		927AE2DC5AB9863DACAE3572 /* ContentView.swift in Sources */ = {isa = PBXBuildFile; fileRef = BC5CC6702AC0CB269C2DD12B /* ContentView.swift */; };
		B9B7BF0FFA74D8D94DB27DF8 /* its-algebraApp.swift in Sources */ = {isa = PBXBuildFile; fileRef = 8685256F779271D2DBC88160 /* its-algebraApp.swift */; };
		F5AA53EAA90E056455250002 /* MyCertificate.c in Sources */ = {isa = PBXBuildFile; fileRef = ECCED37495C7C879A8535330 /* MyCertificate.c */; };
		FEE1795BA3421A02306BE421 /* MyScriptManager.swift in Sources */ = {isa = PBXBuildFile; fileRef = 7934EA66D77770A9836800D7 /* MyScriptManager.swift */; };
/* End PBXBuildFile section */

/* Begin PBXFileReference section */
		2D0E6F78AE73922DA78DBA17 /* LaTeXFormatter.swift */ = {isa = PBXFileReference; lastKnownFileType = sourcecode.swift; path = LaTeXFormatter.swift; sourceTree = "<group>"; };
		7934EA66D77770A9836800D7 /* MyScriptManager.swift */ = {isa = PBXFileReference; lastKnownFileType = sourcecode.swift; path = MyScriptManager.swift; sourceTree = "<group>"; };
		859EE8C70F092E4E59E1533C /* its-algebra.app */ = {isa = PBXFileReference; explicitFileType = wrapper.application; includeInIndex = 0; path = "its-algebra.app"; sourceTree = BUILT_PRODUCTS_DIR; };
		8685256F779271D2DBC88160 /* its-algebraApp.swift */ = {isa = PBXFileReference; lastKnownFileType = sourcecode.swift; path = "its-algebraApp.swift"; sourceTree = "<group>"; };
		9E6A01F5738E74A39498F8D0 /* DrawingCanvasView.swift */ = {isa = PBXFileReference; lastKnownFileType = sourcecode.swift; path = DrawingCanvasView.swift; sourceTree = "<group>"; };
		BC5CC6702AC0CB269C2DD12B /* ContentView.swift */ = {isa = PBXFileReference; lastKnownFileType = sourcecode.swift; path = ContentView.swift; sourceTree = "<group>"; };
		ECCED37495C7C879A8535330 /* MyCertificate.c */ = {isa = PBXFileReference; lastKnownFileType = sourcecode.c.c; path = MyCertificate.c; sourceTree = "<group>"; };
/* End PBXFileReference section */

/* Begin PBXGroup section */
		06B99F925F0E10BD6938BE96 = {
			isa = PBXGroup;
			children = (
				48ABB384DF02D64B72FFC5BF /* ios */,
				A3CD128433991DB8F91FEC0C /* MyScriptCertificate */,
				40D8E3B1CA21F4402E71E688 /* Products */,
			);
			sourceTree = "<group>";
		};
		40D8E3B1CA21F4402E71E688 /* Products */ = {
			isa = PBXGroup;
			children = (
				859EE8C70F092E4E59E1533C /* its-algebra.app */,
			);
			name = Products;
			sourceTree = "<group>";
		};
		48ABB384DF02D64B72FFC5BF /* ios */ = {
			isa = PBXGroup;
			children = (
				BC5CC6702AC0CB269C2DD12B /* ContentView.swift */,
				9E6A01F5738E74A39498F8D0 /* DrawingCanvasView.swift */,
				8685256F779271D2DBC88160 /* its-algebraApp.swift */,
				2D0E6F78AE73922DA78DBA17 /* LaTeXFormatter.swift */,
				7934EA66D77770A9836800D7 /* MyScriptManager.swift */,
			);
			name = ios;
			path = ../ios;
			sourceTree = "<group>";
		};
		A3CD128433991DB8F91FEC0C /* MyScriptCertificate */ = {
			isa = PBXGroup;
			children = (
				ECCED37495C7C879A8535330 /* MyCertificate.c */,
			);
			name = MyScriptCertificate;
			path = ../MyScriptCertificate;
			sourceTree = "<group>";
		};
/* End PBXGroup section */

/* Begin PBXNativeTarget section */
		479806DD5312963B0D326826 /* its-algebra */ = {
			isa = PBXNativeTarget;
			buildConfigurationList = 33352CA81B8EA86F327AAA72 /* Build configuration list for PBXNativeTarget "its-algebra" */;
			buildPhases = (
				A50A69C4AE115DF2CF478601 /* Sources */,
			);
			buildRules = (
			);
			dependencies = (
			);
			name = "its-algebra";
			packageProductDependencies = (
			);
			productName = "its-algebra";
			productReference = 859EE8C70F092E4E59E1533C /* its-algebra.app */;
			productType = "com.apple.product-type.application";
		};
/* End PBXNativeTarget section */

/* Begin PBXProject section */
		FE1A50D2F7041F36D9E2C452 /* Project object */ = {
			isa = PBXProject;
			attributes = {
				BuildIndependentTargetsInParallel = YES;
				LastUpgradeCheck = 1400;
				TargetAttributes = {
					479806DD5312963B0D326826 = {
						ProvisioningStyle = Automatic;
					};
				};
			};
			buildConfigurationList = C057EFC626D70B9DC030F3DC /* Build configuration list for PBXProject "its-algebra" */;
			compatibilityVersion = "Xcode 14.0";
			developmentRegion = en;
			hasScannedForEncodings = 0;
			knownRegions = (
				Base,
				en,
			);
			mainGroup = 06B99F925F0E10BD6938BE96;
			minimizedProjectReferenceProxies = 1;
			projectDirPath = "";
			projectRoot = "";
			targets = (
				479806DD5312963B0D326826 /* its-algebra */,
			);
		};
/* End PBXProject section */

/* Begin PBXSourcesBuildPhase section */
		A50A69C4AE115DF2CF478601 /* Sources */ = {
			isa = PBXSourcesBuildPhase;
			buildActionMask = 2147483647;
			files = (
				927AE2DC5AB9863DACAE3572 /* ContentView.swift in Sources */,
				5AA420E239594E9BD17F11EC /* DrawingCanvasView.swift in Sources */,
				3E659801E06E437114FC0F43 /* LaTeXFormatter.swift in Sources */,
				F5AA53EAA90E056455250002 /* MyCertificate.c in Sources */,
				FEE1795BA3421A02306BE421 /* MyScriptManager.swift in Sources */,
				B9B7BF0FFA74D8D94DB27DF8 /* its-algebraApp.swift in Sources */,
			);
			runOnlyForDeploymentPostprocessing = 0;
		};
/* End PBXSourcesBuildPhase section */

/* Begin XCBuildConfiguration section */
		33CCC28B81B2B7B11233BBEB /* Release */ = {
			isa = XCBuildConfiguration;
			buildSettings = {
				ASSETCATALOG_COMPILER_APPICON_NAME = AppIcon;
				CODE_SIGN_IDENTITY = "iPhone Developer";
				CODE_SIGN_STYLE = Automatic;
				ENABLE_PREVIEWS = YES;
				FRAMEWORK_SEARCH_PATHS = (
					"$(inherited)",
					"$(PROJECT_DIR)/../Frameworks",
				);
				GENERATE_INFOPLIST_FILE = YES;
				INFOPLIST_FILE = ../ios/Info.plist;
				INFOPLIST_KEY_UISupportedInterfaceOrientations_iPad = "UIInterfaceOrientationLandscapeLeft UIInterfaceOrientationLandscapeRight UIInterfaceOrientationPortrait UIInterfaceOrientationPortraitUpsideDown";
				INFOPLIST_KEY_UISupportedInterfaceOrientations_iPhone = "";
				IPHONEOS_DEPLOYMENT_TARGET = 14.0;
				LD_RUNPATH_SEARCH_PATHS = (
					"$(inherited)",
					"@executable_path/Frameworks",
				);
				PRODUCT_BUNDLE_IDENTIFIER = com.itsalgebra.app;
				SDKROOT = iphoneos;
				SWIFT_VERSION = 5.0;
				TARGETED_DEVICE_FAMILY = 2;
			};
			name = Release;
		};
		3E60E2F9016E0E448C2D2DFA /* Release */ = {
			isa = XCBuildConfiguration;
			buildSettings = {
				ALWAYS_SEARCH_USER_PATHS = NO;
				CLANG_ANALYZER_NONNULL = YES;
				CLANG_ANALYZER_NUMBER_OBJECT_CONVERSION = YES_AGGRESSIVE;
				CLANG_CXX_LANGUAGE_STANDARD = "gnu++14";
				CLANG_CXX_LIBRARY = "libc++";
				CLANG_ENABLE_MODULES = YES;
				CLANG_ENABLE_OBJC_ARC = YES;
				CLANG_ENABLE_OBJC_WEAK = YES;
				CLANG_WARN_BLOCK_CAPTURE_AUTORELEASING = YES;
				CLANG_WARN_BOOL_CONVERSION = YES;
				CLANG_WARN_COMMA = YES;
				CLANG_WARN_CONSTANT_CONVERSION = YES;
				CLANG_WARN_DEPRECATED_OBJC_IMPLEMENTATIONS = YES;
				CLANG_WARN_DIRECT_OBJC_ISA_USAGE = YES_ERROR;
				CLANG_WARN_DOCUMENTATION_COMMENTS = YES;
				CLANG_WARN_EMPTY_BODY = YES;
				CLANG_WARN_ENUM_CONVERSION = YES;
				CLANG_WARN_INFINITE_RECURSION = YES;
				CLANG_WARN_INT_CONVERSION = YES;
				CLANG_WARN_NON_LITERAL_NULL_CONVERSION = YES;
				CLANG_WARN_OBJC_IMPLICIT_RETAIN_SELF = YES;
				CLANG_WARN_OBJC_LITERAL_CONVERSION = YES;
				CLANG_WARN_OBJC_ROOT_CLASS = YES_ERROR;
				CLANG_WARN_QUOTED_INCLUDE_IN_FRAMEWORK_HEADER = YES;
				CLANG_WARN_RANGE_LOOP_ANALYSIS = YES;
				CLANG_WARN_STRICT_PROTOTYPES = YES;
				CLANG_WARN_SUSPICIOUS_MOVE = YES;
				CLANG_WARN_UNGUARDED_AVAILABILITY = YES_AGGRESSIVE;
				CLANG_WARN_UNREACHABLE_CODE = YES;
				CLANG_WARN__DUPLICATE_METHOD_MATCH = YES;
				COPY_PHASE_STRIP = NO;
				DEBUG_INFORMATION_FORMAT = "dwarf-with-dsym";
				ENABLE_NS_ASSERTIONS = NO;
				ENABLE_STRICT_OBJC_MSGSEND = YES;
				GCC_C_LANGUAGE_STANDARD = gnu11;
				GCC_NO_COMMON_BLOCKS = YES;
				GCC_WARN_64_TO_32_BIT_CONVERSION = YES;
				GCC_WARN_ABOUT_RETURN_TYPE = YES_ERROR;
				GCC_WARN_UNDECLARED_SELECTOR = YES;
				GCC_WARN_UNINITIALIZED_AUTOS = YES_AGGRESSIVE;
				GCC_WARN_UNUSED_FUNCTION = YES;
				GCC_WARN_UNUSED_VARIABLE = YES;
				IPHONEOS_DEPLOYMENT_TARGET = 14.0;
				MTL_ENABLE_DEBUG_INFO = NO;
				MTL_FAST_MATH = YES;
				PRODUCT_NAME = "$(TARGET_NAME)";
				SDKROOT = iphoneos;
				SWIFT_COMPILATION_MODE = wholemodule;
				SWIFT_OPTIMIZATION_LEVEL = "-O";
				SWIFT_VERSION = 5.0;
			};
			name = Release;
		};
		9FF46298E578D64D271DD8AC /* Debug */ = {
			isa = XCBuildConfiguration;
			buildSettings = {
				ASSETCATALOG_COMPILER_APPICON_NAME = AppIcon;
				CODE_SIGN_IDENTITY = "iPhone Developer";
				CODE_SIGN_STYLE = Automatic;
				DEVELOPMENT_TEAM = 255UFAZ5KH;
				ENABLE_PREVIEWS = YES;
				FRAMEWORK_SEARCH_PATHS = (
					"$(inherited)",
					"$(PROJECT_DIR)/../Frameworks",
				);
				GENERATE_INFOPLIST_FILE = YES;
				INFOPLIST_FILE = ../ios/Info.plist;
				INFOPLIST_KEY_UISupportedInterfaceOrientations_iPad = "UIInterfaceOrientationLandscapeLeft UIInterfaceOrientationLandscapeRight UIInterfaceOrientationPortrait UIInterfaceOrientationPortraitUpsideDown";
				INFOPLIST_KEY_UISupportedInterfaceOrientations_iPhone = "";
				IPHONEOS_DEPLOYMENT_TARGET = 14.0;
				LD_RUNPATH_SEARCH_PATHS = (
					"$(inherited)",
					"@executable_path/Frameworks",
				);
				PRODUCT_BUNDLE_IDENTIFIER = com.itsalgebra.app;
				SDKROOT = iphoneos;
				SWIFT_VERSION = 5.0;
				TARGETED_DEVICE_FAMILY = 2;
			};
			name = Debug;
		};
		BA8C32818070917CAFEE83D2 /* Debug */ = {
			isa = XCBuildConfiguration;
			buildSettings = {
				ALWAYS_SEARCH_USER_PATHS = NO;
				CLANG_ANALYZER_NONNULL = YES;
				CLANG_ANALYZER_NUMBER_OBJECT_CONVERSION = YES_AGGRESSIVE;
				CLANG_CXX_LANGUAGE_STANDARD = "gnu++14";
				CLANG_CXX_LIBRARY = "libc++";
				CLANG_ENABLE_MODULES = YES;
				CLANG_ENABLE_OBJC_ARC = YES;
				CLANG_ENABLE_OBJC_WEAK = YES;
				CLANG_WARN_BLOCK_CAPTURE_AUTORELEASING = YES;
				CLANG_WARN_BOOL_CONVERSION = YES;
				CLANG_WARN_COMMA = YES;
				CLANG_WARN_CONSTANT_CONVERSION = YES;
				CLANG_WARN_DEPRECATED_OBJC_IMPLEMENTATIONS = YES;
				CLANG_WARN_DIRECT_OBJC_ISA_USAGE = YES_ERROR;
				CLANG_WARN_DOCUMENTATION_COMMENTS = YES;
				CLANG_WARN_EMPTY_BODY = YES;
				CLANG_WARN_ENUM_CONVERSION = YES;
				CLANG_WARN_INFINITE_RECURSION = YES;
				CLANG_WARN_INT_CONVERSION = YES;
				CLANG_WARN_NON_LITERAL_NULL_CONVERSION = YES;
				CLANG_WARN_OBJC_IMPLICIT_RETAIN_SELF = YES;
				CLANG_WARN_OBJC_LITERAL_CONVERSION = YES;
				CLANG_WARN_OBJC_ROOT_CLASS = YES_ERROR;
				CLANG_WARN_QUOTED_INCLUDE_IN_FRAMEWORK_HEADER = YES;
				CLANG_WARN_RANGE_LOOP_ANALYSIS = YES;
				CLANG_WARN_STRICT_PROTOTYPES = YES;
				CLANG_WARN_SUSPICIOUS_MOVE = YES;
				CLANG_WARN_UNGUARDED_AVAILABILITY = YES_AGGRESSIVE;
				CLANG_WARN_UNREACHABLE_CODE = YES;
				CLANG_WARN__DUPLICATE_METHOD_MATCH = YES;
				COPY_PHASE_STRIP = NO;
				DEBUG_INFORMATION_FORMAT = dwarf;
				ENABLE_STRICT_OBJC_MSGSEND = YES;
				ENABLE_TESTABILITY = YES;
				GCC_C_LANGUAGE_STANDARD = gnu11;
				GCC_DYNAMIC_NO_PIC = NO;
				GCC_NO_COMMON_BLOCKS = YES;
				GCC_OPTIMIZATION_LEVEL = 0;
				GCC_PREPROCESSOR_DEFINITIONS = (
					"$(inherited)",
					"DEBUG=1",
				);
				GCC_WARN_64_TO_32_BIT_CONVERSION = YES;
				GCC_WARN_ABOUT_RETURN_TYPE = YES_ERROR;
				GCC_WARN_UNDECLARED_SELECTOR = YES;
				GCC_WARN_UNINITIALIZED_AUTOS = YES_AGGRESSIVE;
				GCC_WARN_UNUSED_FUNCTION = YES;
				GCC_WARN_UNUSED_VARIABLE = YES;
				IPHONEOS_DEPLOYMENT_TARGET = 14.0;
				MTL_ENABLE_DEBUG_INFO = INCLUDE_SOURCE;
				MTL_FAST_MATH = YES;
				ONLY_ACTIVE_ARCH = YES;
				PRODUCT_NAME = "$(TARGET_NAME)";
				SDKROOT = iphoneos;
				SWIFT_ACTIVE_COMPILATION_CONDITIONS = DEBUG;
				SWIFT_OPTIMIZATION_LEVEL = "-Onone";
				SWIFT_VERSION = 5.0;
			};
			name = Debug;
		};
/* End XCBuildConfiguration section */

/* Begin XCConfigurationList section */
		33352CA81B8EA86F327AAA72 /* Build configuration list for PBXNativeTarget "its-algebra" */ = {
			isa = XCConfigurationList;
			buildConfigurations = (
				9FF46298E578D64D271DD8AC /* Debug */,
				33CCC28B81B2B7B11233BBEB /* Release */,
			);
			defaultConfigurationIsVisible = 0;
			defaultConfigurationName = Debug;
		};
		C057EFC626D70B9DC030F3DC /* Build configuration list for PBXProject "its-algebra" */ = {
			isa = XCConfigurationList;
			buildConfigurations = (
				BA8C32818070917CAFEE83D2 /* Debug */,
				3E60E2F9016E0E448C2D2DFA /* Release */,
			);
			defaultConfigurationIsVisible = 0;
			defaultConfigurationName = Debug;
		};
/* End XCConfigurationList section */
	};
	rootObject = FE1A50D2F7041F36D9E2C452 /* Project object */;
}
